
Microsoft Visual Studio Solution File, Format Version 12.00
# Visual Studio Version 17
VisualStudioVersion = 17.5.002.0
MinimumVisualStudioVersion = 10.0.40219.1
Project("{9A19103F-16F7-4668-BE54-9A1E7A4F7556}") = "dependecy_injection", "dependecy_injection.csproj", "{08DBB43D-DFDB-48CF-8136-EFB3961C30E1}"
EndProject
Global
	GlobalSection(SolutionConfigurationPlatforms) = preSolution
		Debug|Any CPU = Debug|Any CPU
		Release|Any CPU = Release|Any CPU
	EndGlobalSection
	GlobalSection(ProjectConfigurationPlatforms) = postSolution
		{08DBB43D-DFDB-48CF-8136-EFB3961C30E1}.Debug|Any CPU.ActiveCfg = Debug|Any CPU
		{08DBB43D-DFDB-48CF-8136-EFB3961C30E1}.Debug|Any CPU.Build.0 = Debug|Any CPU
		{08DBB43D-DFDB-48CF-8136-EFB3961C30E1}.Release|Any CPU.ActiveCfg = Release|Any CPU
		{08DBB43D-DFDB-48CF-8136-EFB3961C30E1}.Release|Any CPU.Build.0 = Release|Any CPU
	EndGlobalSection
	GlobalSection(SolutionProperties) = preSolution
		HideSolutionNode = FALSE
	EndGlobalSection
	GlobalSection(ExtensibilityGlobals) = postSolution
		SolutionGuid = {51F1E20A-FD45-4D78-8660-754F0ABF7E22}
	EndGlobalSection
EndGlobal
